
Microsoft Visual Studio Solution File, Format Version 12.00
# Visual Studio Version 17
VisualStudioVersion = 17.5.002.0
MinimumVisualStudioVersion = 10.0.40219.1
Project("{9A19103F-16F7-4668-BE54-9A1E7A4F7556}") = "jwtRoles", "jwtRoles.csproj", "{AF2830B5-5BEE-4EE2-BD2E-682235236159}"
EndProject
Global
	GlobalSection(SolutionConfigurationPlatforms) = preSolution
		Debug|Any CPU = Debug|Any CPU
		Release|Any CPU = Release|Any CPU
	EndGlobalSection
	GlobalSection(ProjectConfigurationPlatforms) = postSolution
		{AF2830B5-5BEE-4EE2-BD2E-682235236159}.Debug|Any CPU.ActiveCfg = Debug|Any CPU
		{AF2830B5-5BEE-4EE2-BD2E-682235236159}.Debug|Any CPU.Build.0 = Debug|Any CPU
		{AF2830B5-5BEE-4EE2-BD2E-682235236159}.Release|Any CPU.ActiveCfg = Release|Any CPU
		{AF2830B5-5BEE-4EE2-BD2E-682235236159}.Release|Any CPU.Build.0 = Release|Any CPU
	EndGlobalSection
	GlobalSection(SolutionProperties) = preSolution
		HideSolutionNode = FALSE
	EndGlobalSection
	GlobalSection(ExtensibilityGlobals) = postSolution
		SolutionGuid = {0C7BC592-FBB2-4193-989C-995EB183E866}
	EndGlobalSection
EndGlobal
